
Microsoft Visual Studio Solution File, Format Version 12.00
# Visual Studio Version 17
VisualStudioVersion = 17.3.32825.248
MinimumVisualStudioVersion = 10.0.40219.1
Project("{FAE04EC0-301F-11D3-BF4B-00C04F79EFBC}") = "LivingRoomPavlova", "LivingRoomPavlova.csproj", "{3523C89C-D10C-4D30-ACCE-29602FCF9089}"
EndProject
Global
	GlobalSection(SolutionConfigurationPlatforms) = preSolution
		Debug|Any CPU = Debug|Any CPU
		Release|Any CPU = Release|Any CPU
	EndGlobalSection
	GlobalSection(ProjectConfigurationPlatforms) = postSolution
		{3523C89C-D10C-4D30-ACCE-29602FCF9089}.Debug|Any CPU.ActiveCfg = Debug|Any CPU
		{3523C89C-D10C-4D30-ACCE-29602FCF9089}.Debug|Any CPU.Build.0 = Debug|Any CPU
		{3523C89C-D10C-4D30-ACCE-29602FCF9089}.Release|Any CPU.ActiveCfg = Release|Any CPU
		{3523C89C-D10C-4D30-ACCE-29602FCF9089}.Release|Any CPU.Build.0 = Release|Any CPU
	EndGlobalSection
	GlobalSection(SolutionProperties) = preSolution
		HideSolutionNode = FALSE
	EndGlobalSection
	GlobalSection(ExtensibilityGlobals) = postSolution
		SolutionGuid = {1065E621-8B24-49C6-A121-CEE6460900ED}
	EndGlobalSection
EndGlobal
